// !$*UTF8*$!
{
	archiveVersion = 1;
	classes = {
	};
	objectVersion = 56;
	objects = {

/* Begin PBXBuildFile section */
		67F8FAEB295A902100D2026A /* main.swift in Sources */ = {isa = PBXBuildFile; fileRef = 67F8FAEA295A902100D2026A /* main.swift */; };
		D1C01FC62A56BF1E00F62FAC /* 二分法.swift in Sources */ = {isa = PBXBuildFile; fileRef = D1C01FBA2A56BF1D00F62FAC /* 二分法.swift */; };
		D1C01FC72A56BF1E00F62FAC /* 二叉树.swift in Sources */ = {isa = PBXBuildFile; fileRef = D1C01FBB2A56BF1D00F62FAC /* 二叉树.swift */; };
		D1C01FC82A56BF1E00F62FAC /* Numbers.swift in Sources */ = {isa = PBXBuildFile; fileRef = D1C01FBC2A56BF1D00F62FAC /* Numbers.swift */; };
		D1C01FC92A56BF1E00F62FAC /* 差分数组.swift in Sources */ = {isa = PBXBuildFile; fileRef = D1C01FBD2A56BF1D00F62FAC /* 差分数组.swift */; };
		D1C01FCA2A56BF1E00F62FAC /* 链表.swift in Sources */ = {isa = PBXBuildFile; fileRef = D1C01FBE2A56BF1D00F62FAC /* 链表.swift */; };
		D1C01FCB2A56BF1E00F62FAC /* 二叉堆实现优先级队列.swift in Sources */ = {isa = PBXBuildFile; fileRef = D1C01FBF2A56BF1D00F62FAC /* 二叉堆实现优先级队列.swift */; };
		D1C01FCC2A56BF1E00F62FAC /* Sequence.swift in Sources */ = {isa = PBXBuildFile; fileRef = D1C01FC02A56BF1E00F62FAC /* Sequence.swift */; };
		D1C01FCD2A56BF1E00F62FAC /* 数组.swift in Sources */ = {isa = PBXBuildFile; fileRef = D1C01FC12A56BF1E00F62FAC /* 数组.swift */; };
		D1C01FCE2A56BF1E00F62FAC /* String.swift in Sources */ = {isa = PBXBuildFile; fileRef = D1C01FC22A56BF1E00F62FAC /* String.swift */; };
		D1C01FCF2A56BF1E00F62FAC /* sort.swift in Sources */ = {isa = PBXBuildFile; fileRef = D1C01FC32A56BF1E00F62FAC /* sort.swift */; };
		D1C01FD12A56BF1E00F62FAC /* 前缀合数组.swift in Sources */ = {isa = PBXBuildFile; fileRef = D1C01FC52A56BF1E00F62FAC /* 前缀合数组.swift */; };
		D1CC3D792A8719500061637B /* 华为OD.swift in Sources */ = {isa = PBXBuildFile; fileRef = D1CC3D782A8719500061637B /* 华为OD.swift */; };
/* End PBXBuildFile section */

/* Begin PBXCopyFilesBuildPhase section */
		67F8FAE5295A902100D2026A /* CopyFiles */ = {
			isa = PBXCopyFilesBuildPhase;
			buildActionMask = 2147483647;
			dstPath = /usr/share/man/man1/;
			dstSubfolderSpec = 0;
			files = (
			);
			runOnlyForDeploymentPostprocessing = 1;
		};
/* End PBXCopyFilesBuildPhase section */

/* Begin PBXFileReference section */
		67F8FAE7295A902100D2026A /* Arithmetic */ = {isa = PBXFileReference; explicitFileType = "compiled.mach-o.executable"; includeInIndex = 0; path = Arithmetic; sourceTree = BUILT_PRODUCTS_DIR; };
		67F8FAEA295A902100D2026A /* main.swift */ = {isa = PBXFileReference; lastKnownFileType = sourcecode.swift; path = main.swift; sourceTree = "<group>"; };
		D1C01FBA2A56BF1D00F62FAC /* 二分法.swift */ = {isa = PBXFileReference; fileEncoding = 4; lastKnownFileType = sourcecode.swift; path = "二分法.swift"; sourceTree = "<group>"; };
		D1C01FBB2A56BF1D00F62FAC /* 二叉树.swift */ = {isa = PBXFileReference; fileEncoding = 4; lastKnownFileType = sourcecode.swift; path = "二叉树.swift"; sourceTree = "<group>"; };
		D1C01FBC2A56BF1D00F62FAC /* Numbers.swift */ = {isa = PBXFileReference; fileEncoding = 4; lastKnownFileType = sourcecode.swift; path = Numbers.swift; sourceTree = "<group>"; };
		D1C01FBD2A56BF1D00F62FAC /* 差分数组.swift */ = {isa = PBXFileReference; fileEncoding = 4; lastKnownFileType = sourcecode.swift; path = "差分数组.swift"; sourceTree = "<group>"; };
		D1C01FBE2A56BF1D00F62FAC /* 链表.swift */ = {isa = PBXFileReference; fileEncoding = 4; lastKnownFileType = sourcecode.swift; path = "链表.swift"; sourceTree = "<group>"; };
		D1C01FBF2A56BF1D00F62FAC /* 二叉堆实现优先级队列.swift */ = {isa = PBXFileReference; fileEncoding = 4; lastKnownFileType = sourcecode.swift; path = "二叉堆实现优先级队列.swift"; sourceTree = "<group>"; };
		D1C01FC02A56BF1E00F62FAC /* Sequence.swift */ = {isa = PBXFileReference; fileEncoding = 4; lastKnownFileType = sourcecode.swift; path = Sequence.swift; sourceTree = "<group>"; };
		D1C01FC12A56BF1E00F62FAC /* 数组.swift */ = {isa = PBXFileReference; fileEncoding = 4; lastKnownFileType = sourcecode.swift; path = "数组.swift"; sourceTree = "<group>"; };
		D1C01FC22A56BF1E00F62FAC /* String.swift */ = {isa = PBXFileReference; fileEncoding = 4; lastKnownFileType = sourcecode.swift; path = String.swift; sourceTree = "<group>"; };
		D1C01FC32A56BF1E00F62FAC /* sort.swift */ = {isa = PBXFileReference; fileEncoding = 4; lastKnownFileType = sourcecode.swift; path = sort.swift; sourceTree = "<group>"; };
		D1C01FC52A56BF1E00F62FAC /* 前缀合数组.swift */ = {isa = PBXFileReference; fileEncoding = 4; lastKnownFileType = sourcecode.swift; path = "前缀合数组.swift"; sourceTree = "<group>"; };
		D1CC3D782A8719500061637B /* 华为OD.swift */ = {isa = PBXFileReference; lastKnownFileType = sourcecode.swift; path = "华为OD.swift"; sourceTree = "<group>"; };
/* End PBXFileReference section */

/* Begin PBXFrameworksBuildPhase section */
		67F8FAE4295A902100D2026A /* Frameworks */ = {
			isa = PBXFrameworksBuildPhase;
			buildActionMask = 2147483647;
			files = (
			);
			runOnlyForDeploymentPostprocessing = 0;
		};
/* End PBXFrameworksBuildPhase section */

/* Begin PBXGroup section */
		67F8FADE295A902100D2026A = {
			isa = PBXGroup;
			children = (
				67F8FAE9295A902100D2026A /* Arithmetic */,
				67F8FAE8295A902100D2026A /* Products */,
			);
			sourceTree = "<group>";
		};
		67F8FAE8295A902100D2026A /* Products */ = {
			isa = PBXGroup;
			children = (
				67F8FAE7295A902100D2026A /* Arithmetic */,
			);
			name = Products;
			sourceTree = "<group>";
		};
		67F8FAE9295A902100D2026A /* Arithmetic */ = {
			isa = PBXGroup;
			children = (
				67F8FAEA295A902100D2026A /* main.swift */,
				D1C01FBD2A56BF1D00F62FAC /* 差分数组.swift */,
				D1C01FBF2A56BF1D00F62FAC /* 二叉堆实现优先级队列.swift */,
				D1C01FBB2A56BF1D00F62FAC /* 二叉树.swift */,
				D1C01FBA2A56BF1D00F62FAC /* 二分法.swift */,
				D1C01FBE2A56BF1D00F62FAC /* 链表.swift */,
				D1C01FC52A56BF1E00F62FAC /* 前缀合数组.swift */,
				D1C01FC12A56BF1E00F62FAC /* 数组.swift */,
				D1C01FBC2A56BF1D00F62FAC /* Numbers.swift */,
				D1C01FC02A56BF1E00F62FAC /* Sequence.swift */,
				D1C01FC32A56BF1E00F62FAC /* sort.swift */,
				D1C01FC22A56BF1E00F62FAC /* String.swift */,
				D1CC3D782A8719500061637B /* 华为OD.swift */,
			);
			path = Arithmetic;
			sourceTree = "<group>";
		};
/* End PBXGroup section */

/* Begin PBXNativeTarget section */
		67F8FAE6295A902100D2026A /* Arithmetic */ = {
			isa = PBXNativeTarget;
			buildConfigurationList = 67F8FAEE295A902100D2026A /* Build configuration list for PBXNativeTarget "Arithmetic" */;
			buildPhases = (
				67F8FAE3295A902100D2026A /* Sources */,
				67F8FAE4295A902100D2026A /* Frameworks */,
				67F8FAE5295A902100D2026A /* CopyFiles */,
			);
			buildRules = (
			);
			dependencies = (
			);
			name = Arithmetic;
			productName = Arithmetic;
			productReference = 67F8FAE7295A902100D2026A /* Arithmetic */;
			productType = "com.apple.product-type.tool";
		};
/* End PBXNativeTarget section */

/* Begin PBXProject section */
		67F8FADF295A902100D2026A /* Project object */ = {
			isa = PBXProject;
			attributes = {
				BuildIndependentTargetsInParallel = 1;
				LastSwiftUpdateCheck = 1410;
				LastUpgradeCheck = 1410;
				TargetAttributes = {
					67F8FAE6295A902100D2026A = {
						CreatedOnToolsVersion = 14.1;
					};
				};
			};
			buildConfigurationList = 67F8FAE2295A902100D2026A /* Build configuration list for PBXProject "Arithmetic" */;
			compatibilityVersion = "Xcode 14.0";
			developmentRegion = en;
			hasScannedForEncodings = 0;
			knownRegions = (
				en,
				Base,
			);
			mainGroup = 67F8FADE295A902100D2026A;
			productRefGroup = 67F8FAE8295A902100D2026A /* Products */;
			projectDirPath = "";
			projectRoot = "";
			targets = (
				67F8FAE6295A902100D2026A /* Arithmetic */,
			);
		};
/* End PBXProject section */

/* Begin PBXSourcesBuildPhase section */
		67F8FAE3295A902100D2026A /* Sources */ = {
			isa = PBXSourcesBuildPhase;
			buildActionMask = 2147483647;
			files = (
				67F8FAEB295A902100D2026A /* main.swift in Sources */,
				D1C01FCA2A56BF1E00F62FAC /* 链表.swift in Sources */,
				D1C01FC72A56BF1E00F62FAC /* 二叉树.swift in Sources */,
				D1C01FC82A56BF1E00F62FAC /* Numbers.swift in Sources */,
				D1C01FCB2A56BF1E00F62FAC /* 二叉堆实现优先级队列.swift in Sources */,
				D1CC3D792A8719500061637B /* 华为OD.swift in Sources */,
				D1C01FCE2A56BF1E00F62FAC /* String.swift in Sources */,
				D1C01FCD2A56BF1E00F62FAC /* 数组.swift in Sources */,
				D1C01FC62A56BF1E00F62FAC /* 二分法.swift in Sources */,
				D1C01FD12A56BF1E00F62FAC /* 前缀合数组.swift in Sources */,
				D1C01FCC2A56BF1E00F62FAC /* Sequence.swift in Sources */,
				D1C01FC92A56BF1E00F62FAC /* 差分数组.swift in Sources */,
				D1C01FCF2A56BF1E00F62FAC /* sort.swift in Sources */,
			);
			runOnlyForDeploymentPostprocessing = 0;
		};
/* End PBXSourcesBuildPhase section */

/* Begin XCBuildConfiguration section */
		67F8FAEC295A902100D2026A /* Debug */ = {
			isa = XCBuildConfiguration;
			buildSettings = {
				ALWAYS_SEARCH_USER_PATHS = NO;
				CLANG_ANALYZER_NONNULL = YES;
				CLANG_ANALYZER_NUMBER_OBJECT_CONVERSION = YES_AGGRESSIVE;
				CLANG_CXX_LANGUAGE_STANDARD = "gnu++20";
				CLANG_ENABLE_MODULES = YES;
				CLANG_ENABLE_OBJC_ARC = YES;
				CLANG_ENABLE_OBJC_WEAK = YES;
				CLANG_WARN_BLOCK_CAPTURE_AUTORELEASING = YES;
				CLANG_WARN_BOOL_CONVERSION = YES;
				CLANG_WARN_COMMA = YES;
				CLANG_WARN_CONSTANT_CONVERSION = YES;
				CLANG_WARN_DEPRECATED_OBJC_IMPLEMENTATIONS = YES;
				CLANG_WARN_DIRECT_OBJC_ISA_USAGE = YES_ERROR;
				CLANG_WARN_DOCUMENTATION_COMMENTS = YES;
				CLANG_WARN_EMPTY_BODY = YES;
				CLANG_WARN_ENUM_CONVERSION = YES;
				CLANG_WARN_INFINITE_RECURSION = YES;
				CLANG_WARN_INT_CONVERSION = YES;
				CLANG_WARN_NON_LITERAL_NULL_CONVERSION = YES;
				CLANG_WARN_OBJC_IMPLICIT_RETAIN_SELF = YES;
				CLANG_WARN_OBJC_LITERAL_CONVERSION = YES;
				CLANG_WARN_OBJC_ROOT_CLASS = YES_ERROR;
				CLANG_WARN_QUOTED_INCLUDE_IN_FRAMEWORK_HEADER = YES;
				CLANG_WARN_RANGE_LOOP_ANALYSIS = YES;
				CLANG_WARN_STRICT_PROTOTYPES = YES;
				CLANG_WARN_SUSPICIOUS_MOVE = YES;
				CLANG_WARN_UNGUARDED_AVAILABILITY = YES_AGGRESSIVE;
				CLANG_WARN_UNREACHABLE_CODE = YES;
				CLANG_WARN__DUPLICATE_METHOD_MATCH = YES;
				COPY_PHASE_STRIP = NO;
				DEBUG_INFORMATION_FORMAT = dwarf;
				ENABLE_STRICT_OBJC_MSGSEND = YES;
				ENABLE_TESTABILITY = YES;
				GCC_C_LANGUAGE_STANDARD = gnu11;
				GCC_DYNAMIC_NO_PIC = NO;
				GCC_NO_COMMON_BLOCKS = YES;
				GCC_OPTIMIZATION_LEVEL = 0;
				GCC_PREPROCESSOR_DEFINITIONS = (
					"DEBUG=1",
					"$(inherited)",
				);
				GCC_WARN_64_TO_32_BIT_CONVERSION = YES;
				GCC_WARN_ABOUT_RETURN_TYPE = YES_ERROR;
				GCC_WARN_UNDECLARED_SELECTOR = YES;
				GCC_WARN_UNINITIALIZED_AUTOS = YES_AGGRESSIVE;
				GCC_WARN_UNUSED_FUNCTION = YES;
				GCC_WARN_UNUSED_VARIABLE = YES;
				MACOSX_DEPLOYMENT_TARGET = 13.0;
				MTL_ENABLE_DEBUG_INFO = INCLUDE_SOURCE;
				MTL_FAST_MATH = YES;
				ONLY_ACTIVE_ARCH = YES;
				SDKROOT = macosx;
				SWIFT_ACTIVE_COMPILATION_CONDITIONS = DEBUG;
				SWIFT_OPTIMIZATION_LEVEL = "-Onone";
			};
			name = Debug;
		};
		67F8FAED295A902100D2026A /* Release */ = {
			isa = XCBuildConfiguration;
			buildSettings = {
				ALWAYS_SEARCH_USER_PATHS = NO;
				CLANG_ANALYZER_NONNULL = YES;
				CLANG_ANALYZER_NUMBER_OBJECT_CONVERSION = YES_AGGRESSIVE;
				CLANG_CXX_LANGUAGE_STANDARD = "gnu++20";
				CLANG_ENABLE_MODULES = YES;
				CLANG_ENABLE_OBJC_ARC = YES;
				CLANG_ENABLE_OBJC_WEAK = YES;
				CLANG_WARN_BLOCK_CAPTURE_AUTORELEASING = YES;
				CLANG_WARN_BOOL_CONVERSION = YES;
				CLANG_WARN_COMMA = YES;
				CLANG_WARN_CONSTANT_CONVERSION = YES;
				CLANG_WARN_DEPRECATED_OBJC_IMPLEMENTATIONS = YES;
				CLANG_WARN_DIRECT_OBJC_ISA_USAGE = YES_ERROR;
				CLANG_WARN_DOCUMENTATION_COMMENTS = YES;
				CLANG_WARN_EMPTY_BODY = YES;
				CLANG_WARN_ENUM_CONVERSION = YES;
				CLANG_WARN_INFINITE_RECURSION = YES;
				CLANG_WARN_INT_CONVERSION = YES;
				CLANG_WARN_NON_LITERAL_NULL_CONVERSION = YES;
				CLANG_WARN_OBJC_IMPLICIT_RETAIN_SELF = YES;
				CLANG_WARN_OBJC_LITERAL_CONVERSION = YES;
				CLANG_WARN_OBJC_ROOT_CLASS = YES_ERROR;
				CLANG_WARN_QUOTED_INCLUDE_IN_FRAMEWORK_HEADER = YES;
				CLANG_WARN_RANGE_LOOP_ANALYSIS = YES;
				CLANG_WARN_STRICT_PROTOTYPES = YES;
				CLANG_WARN_SUSPICIOUS_MOVE = YES;
				CLANG_WARN_UNGUARDED_AVAILABILITY = YES_AGGRESSIVE;
				CLANG_WARN_UNREACHABLE_CODE = YES;
				CLANG_WARN__DUPLICATE_METHOD_MATCH = YES;
				COPY_PHASE_STRIP = NO;
				DEBUG_INFORMATION_FORMAT = "dwarf-with-dsym";
				ENABLE_NS_ASSERTIONS = NO;
				ENABLE_STRICT_OBJC_MSGSEND = YES;
				GCC_C_LANGUAGE_STANDARD = gnu11;
				GCC_NO_COMMON_BLOCKS = YES;
				GCC_WARN_64_TO_32_BIT_CONVERSION = YES;
				GCC_WARN_ABOUT_RETURN_TYPE = YES_ERROR;
				GCC_WARN_UNDECLARED_SELECTOR = YES;
				GCC_WARN_UNINITIALIZED_AUTOS = YES_AGGRESSIVE;
				GCC_WARN_UNUSED_FUNCTION = YES;
				GCC_WARN_UNUSED_VARIABLE = YES;
				MACOSX_DEPLOYMENT_TARGET = 13.0;
				MTL_ENABLE_DEBUG_INFO = NO;
				MTL_FAST_MATH = YES;
				SDKROOT = macosx;
				SWIFT_COMPILATION_MODE = wholemodule;
				SWIFT_OPTIMIZATION_LEVEL = "-O";
			};
			name = Release;
		};
		67F8FAEF295A902100D2026A /* Debug */ = {
			isa = XCBuildConfiguration;
			buildSettings = {
				CODE_SIGN_STYLE = Automatic;
				PRODUCT_NAME = "$(TARGET_NAME)";
				SWIFT_VERSION = 5.0;
			};
			name = Debug;
		};
		67F8FAF0295A902100D2026A /* Release */ = {
			isa = XCBuildConfiguration;
			buildSettings = {
				CODE_SIGN_STYLE = Automatic;
				PRODUCT_NAME = "$(TARGET_NAME)";
				SWIFT_VERSION = 5.0;
			};
			name = Release;
		};
/* End XCBuildConfiguration section */

/* Begin XCConfigurationList section */
		67F8FAE2295A902100D2026A /* Build configuration list for PBXProject "Arithmetic" */ = {
			isa = XCConfigurationList;
			buildConfigurations = (
				67F8FAEC295A902100D2026A /* Debug */,
				67F8FAED295A902100D2026A /* Release */,
			);
			defaultConfigurationIsVisible = 0;
			defaultConfigurationName = Release;
		};
		67F8FAEE295A902100D2026A /* Build configuration list for PBXNativeTarget "Arithmetic" */ = {
			isa = XCConfigurationList;
			buildConfigurations = (
				67F8FAEF295A902100D2026A /* Debug */,
				67F8FAF0295A902100D2026A /* Release */,
			);
			defaultConfigurationIsVisible = 0;
			defaultConfigurationName = Release;
		};
/* End XCConfigurationList section */
	};
	rootObject = 67F8FADF295A902100D2026A /* Project object */;
}
